
Microsoft Visual Studio Solution File, Format Version 12.00
# Visual Studio 15
VisualStudioVersion = 15.0.26228.4
MinimumVisualStudioVersion = 10.0.40219.1
Project("{2150E333-8FDC-42A3-9474-1A3956D46DE8}") = "src", "src", "{DF3B077B-3653-47A6-BA42-FB4F780A8E0D}"
EndProject
Project("{9A19103F-16F7-4668-BE54-9A1E7A4F7556}") = "Turbina", "src\Turbina\Turbina.csproj", "{D13A99C5-5F15-4BDF-A43E-063D08469012}"
	ProjectSection(ProjectDependencies) = postProject
		{9D47F5D5-8AB8-4907-9F8F-10942158A938} = {9D47F5D5-8AB8-4907-9F8F-10942158A938}
	EndProjectSection
EndProject
Project("{9A19103F-16F7-4668-BE54-9A1E7A4F7556}") = "Turbina.Engine", "src\Turbina.Engine\Turbina.Engine.csproj", "{11F51CB2-B1D8-482E-8715-29D3374D9F1B}"
EndProject
Project("{9A19103F-16F7-4668-BE54-9A1E7A4F7556}") = "Turbina.Host", "src\Turbina.Host\Turbina.Host.csproj", "{9D47F5D5-8AB8-4907-9F8F-10942158A938}"
EndProject
Project("{9A19103F-16F7-4668-BE54-9A1E7A4F7556}") = "Turbina.StandardNodes", "src\Turbina.StandardNodes\Turbina.StandardNodes.csproj", "{CBCAE2DB-E52B-4C86-8D06-A5F52A9D792B}"
EndProject
Project("{FAE04EC0-301F-11D3-BF4B-00C04F79EFBC}") = "Turbina.Engine.Tests", "tests\Turbina.Engine.Tests\Turbina.Engine.Tests.csproj", "{FEB1350F-ACA1-4AFC-AC14-EF5EBBF54412}"
EndProject
Project("{2150E333-8FDC-42A3-9474-1A3956D46DE8}") = "tests", "tests", "{6A7D382D-084E-4D1B-A7C5-7626BB0D06FD}"
EndProject
Project("{9A19103F-16F7-4668-BE54-9A1E7A4F7556}") = "Turbina.Play", "src\Turbina.Play\Turbina.Play.csproj", "{81A0FD89-8EDE-48C0-9FF5-7869AD2F3C01}"
EndProject
Global
	GlobalSection(SolutionConfigurationPlatforms) = preSolution
		Debug|Any CPU = Debug|Any CPU
		Debug|x64 = Debug|x64
		Debug|x86 = Debug|x86
		Release|Any CPU = Release|Any CPU
		Release|x64 = Release|x64
		Release|x86 = Release|x86
	EndGlobalSection
	GlobalSection(ProjectConfigurationPlatforms) = postSolution
		{D13A99C5-5F15-4BDF-A43E-063D08469012}.Debug|Any CPU.ActiveCfg = Debug|Any CPU
		{D13A99C5-5F15-4BDF-A43E-063D08469012}.Debug|Any CPU.Build.0 = Debug|Any CPU
		{D13A99C5-5F15-4BDF-A43E-063D08469012}.Debug|x64.ActiveCfg = Debug|Any CPU
		{D13A99C5-5F15-4BDF-A43E-063D08469012}.Debug|x64.Build.0 = Debug|Any CPU
		{D13A99C5-5F15-4BDF-A43E-063D08469012}.Debug|x86.ActiveCfg = Debug|Any CPU
		{D13A99C5-5F15-4BDF-A43E-063D08469012}.Debug|x86.Build.0 = Debug|Any CPU
		{D13A99C5-5F15-4BDF-A43E-063D08469012}.Release|Any CPU.ActiveCfg = Release|Any CPU
		{D13A99C5-5F15-4BDF-A43E-063D08469012}.Release|Any CPU.Build.0 = Release|Any CPU
		{D13A99C5-5F15-4BDF-A43E-063D08469012}.Release|x64.ActiveCfg = Release|Any CPU
		{D13A99C5-5F15-4BDF-A43E-063D08469012}.Release|x64.Build.0 = Release|Any CPU
		{D13A99C5-5F15-4BDF-A43E-063D08469012}.Release|x86.ActiveCfg = Release|Any CPU
		{D13A99C5-5F15-4BDF-A43E-063D08469012}.Release|x86.Build.0 = Release|Any CPU
		{11F51CB2-B1D8-482E-8715-29D3374D9F1B}.Debug|Any CPU.ActiveCfg = Debug|Any CPU
		{11F51CB2-B1D8-482E-8715-29D3374D9F1B}.Debug|Any CPU.Build.0 = Debug|Any CPU
		{11F51CB2-B1D8-482E-8715-29D3374D9F1B}.Debug|x64.ActiveCfg = Debug|Any CPU
		{11F51CB2-B1D8-482E-8715-29D3374D9F1B}.Debug|x64.Build.0 = Debug|Any CPU
		{11F51CB2-B1D8-482E-8715-29D3374D9F1B}.Debug|x86.ActiveCfg = Debug|Any CPU
		{11F51CB2-B1D8-482E-8715-29D3374D9F1B}.Debug|x86.Build.0 = Debug|Any CPU
		{11F51CB2-B1D8-482E-8715-29D3374D9F1B}.Release|Any CPU.ActiveCfg = Release|Any CPU
		{11F51CB2-B1D8-482E-8715-29D3374D9F1B}.Release|Any CPU.Build.0 = Release|Any CPU
		{11F51CB2-B1D8-482E-8715-29D3374D9F1B}.Release|x64.ActiveCfg = Release|Any CPU
		{11F51CB2-B1D8-482E-8715-29D3374D9F1B}.Release|x64.Build.0 = Release|Any CPU
		{11F51CB2-B1D8-482E-8715-29D3374D9F1B}.Release|x86.ActiveCfg = Release|Any CPU
		{11F51CB2-B1D8-482E-8715-29D3374D9F1B}.Release|x86.Build.0 = Release|Any CPU
		{9D47F5D5-8AB8-4907-9F8F-10942158A938}.Debug|Any CPU.ActiveCfg = Debug|Any CPU
		{9D47F5D5-8AB8-4907-9F8F-10942158A938}.Debug|Any CPU.Build.0 = Debug|Any CPU
		{9D47F5D5-8AB8-4907-9F8F-10942158A938}.Debug|x64.ActiveCfg = Debug|Any CPU
		{9D47F5D5-8AB8-4907-9F8F-10942158A938}.Debug|x64.Build.0 = Debug|Any CPU
		{9D47F5D5-8AB8-4907-9F8F-10942158A938}.Debug|x86.ActiveCfg = Debug|Any CPU
		{9D47F5D5-8AB8-4907-9F8F-10942158A938}.Debug|x86.Build.0 = Debug|Any CPU
		{9D47F5D5-8AB8-4907-9F8F-10942158A938}.Release|Any CPU.ActiveCfg = Release|Any CPU
		{9D47F5D5-8AB8-4907-9F8F-10942158A938}.Release|Any CPU.Build.0 = Release|Any CPU
		{9D47F5D5-8AB8-4907-9F8F-10942158A938}.Release|x64.ActiveCfg = Release|Any CPU
		{9D47F5D5-8AB8-4907-9F8F-10942158A938}.Release|x64.Build.0 = Release|Any CPU
		{9D47F5D5-8AB8-4907-9F8F-10942158A938}.Release|x86.ActiveCfg = Release|Any CPU
		{9D47F5D5-8AB8-4907-9F8F-10942158A938}.Release|x86.Build.0 = Release|Any CPU
		{CBCAE2DB-E52B-4C86-8D06-A5F52A9D792B}.Debug|Any CPU.ActiveCfg = Debug|Any CPU
		{CBCAE2DB-E52B-4C86-8D06-A5F52A9D792B}.Debug|Any CPU.Build.0 = Debug|Any CPU
		{CBCAE2DB-E52B-4C86-8D06-A5F52A9D792B}.Debug|x64.ActiveCfg = Debug|Any CPU
		{CBCAE2DB-E52B-4C86-8D06-A5F52A9D792B}.Debug|x64.Build.0 = Debug|Any CPU
		{CBCAE2DB-E52B-4C86-8D06-A5F52A9D792B}.Debug|x86.ActiveCfg = Debug|Any CPU
		{CBCAE2DB-E52B-4C86-8D06-A5F52A9D792B}.Debug|x86.Build.0 = Debug|Any CPU
		{CBCAE2DB-E52B-4C86-8D06-A5F52A9D792B}.Release|Any CPU.ActiveCfg = Release|Any CPU
		{CBCAE2DB-E52B-4C86-8D06-A5F52A9D792B}.Release|Any CPU.Build.0 = Release|Any CPU
		{CBCAE2DB-E52B-4C86-8D06-A5F52A9D792B}.Release|x64.ActiveCfg = Release|Any CPU
		{CBCAE2DB-E52B-4C86-8D06-A5F52A9D792B}.Release|x64.Build.0 = Release|Any CPU
		{CBCAE2DB-E52B-4C86-8D06-A5F52A9D792B}.Release|x86.ActiveCfg = Release|Any CPU
		{CBCAE2DB-E52B-4C86-8D06-A5F52A9D792B}.Release|x86.Build.0 = Release|Any CPU
		{FEB1350F-ACA1-4AFC-AC14-EF5EBBF54412}.Debug|Any CPU.ActiveCfg = Debug|Any CPU
		{FEB1350F-ACA1-4AFC-AC14-EF5EBBF54412}.Debug|Any CPU.Build.0 = Debug|Any CPU
		{FEB1350F-ACA1-4AFC-AC14-EF5EBBF54412}.Debug|x64.ActiveCfg = Debug|Any CPU
		{FEB1350F-ACA1-4AFC-AC14-EF5EBBF54412}.Debug|x64.Build.0 = Debug|Any CPU
		{FEB1350F-ACA1-4AFC-AC14-EF5EBBF54412}.Debug|x86.ActiveCfg = Debug|Any CPU
		{FEB1350F-ACA1-4AFC-AC14-EF5EBBF54412}.Debug|x86.Build.0 = Debug|Any CPU
		{FEB1350F-ACA1-4AFC-AC14-EF5EBBF54412}.Release|Any CPU.ActiveCfg = Release|Any CPU
		{FEB1350F-ACA1-4AFC-AC14-EF5EBBF54412}.Release|Any CPU.Build.0 = Release|Any CPU
		{FEB1350F-ACA1-4AFC-AC14-EF5EBBF54412}.Release|x64.ActiveCfg = Release|Any CPU
		{FEB1350F-ACA1-4AFC-AC14-EF5EBBF54412}.Release|x64.Build.0 = Release|Any CPU
		{FEB1350F-ACA1-4AFC-AC14-EF5EBBF54412}.Release|x86.ActiveCfg = Release|Any CPU
		{FEB1350F-ACA1-4AFC-AC14-EF5EBBF54412}.Release|x86.Build.0 = Release|Any CPU
		{81A0FD89-8EDE-48C0-9FF5-7869AD2F3C01}.Debug|Any CPU.ActiveCfg = Debug|Any CPU
		{81A0FD89-8EDE-48C0-9FF5-7869AD2F3C01}.Debug|Any CPU.Build.0 = Debug|Any CPU
		{81A0FD89-8EDE-48C0-9FF5-7869AD2F3C01}.Debug|x64.ActiveCfg = Debug|Any CPU
		{81A0FD89-8EDE-48C0-9FF5-7869AD2F3C01}.Debug|x64.Build.0 = Debug|Any CPU
		{81A0FD89-8EDE-48C0-9FF5-7869AD2F3C01}.Debug|x86.ActiveCfg = Debug|Any CPU
		{81A0FD89-8EDE-48C0-9FF5-7869AD2F3C01}.Debug|x86.Build.0 = Debug|Any CPU
		{81A0FD89-8EDE-48C0-9FF5-7869AD2F3C01}.Release|Any CPU.ActiveCfg = Release|Any CPU
		{81A0FD89-8EDE-48C0-9FF5-7869AD2F3C01}.Release|Any CPU.Build.0 = Release|Any CPU
		{81A0FD89-8EDE-48C0-9FF5-7869AD2F3C01}.Release|x64.ActiveCfg = Release|Any CPU
		{81A0FD89-8EDE-48C0-9FF5-7869AD2F3C01}.Release|x64.Build.0 = Release|Any CPU
		{81A0FD89-8EDE-48C0-9FF5-7869AD2F3C01}.Release|x86.ActiveCfg = Release|Any CPU
		{81A0FD89-8EDE-48C0-9FF5-7869AD2F3C01}.Release|x86.Build.0 = Release|Any CPU
	EndGlobalSection
	GlobalSection(SolutionProperties) = preSolution
		HideSolutionNode = FALSE
	EndGlobalSection
	GlobalSection(NestedProjects) = preSolution
		{D13A99C5-5F15-4BDF-A43E-063D08469012} = {DF3B077B-3653-47A6-BA42-FB4F780A8E0D}
		{11F51CB2-B1D8-482E-8715-29D3374D9F1B} = {DF3B077B-3653-47A6-BA42-FB4F780A8E0D}
		{9D47F5D5-8AB8-4907-9F8F-10942158A938} = {DF3B077B-3653-47A6-BA42-FB4F780A8E0D}
		{CBCAE2DB-E52B-4C86-8D06-A5F52A9D792B} = {DF3B077B-3653-47A6-BA42-FB4F780A8E0D}
		{FEB1350F-ACA1-4AFC-AC14-EF5EBBF54412} = {6A7D382D-084E-4D1B-A7C5-7626BB0D06FD}
		{81A0FD89-8EDE-48C0-9FF5-7869AD2F3C01} = {DF3B077B-3653-47A6-BA42-FB4F780A8E0D}
	EndGlobalSection
EndGlobal
